// !$*UTF8*$!
{
	archiveVersion = 1;
	classes = {
	};
	objectVersion = 50;
	objects = {

/* Begin PBXBuildFile section */
		55048D4521038B0700AB24B4 /* DownloadEarthquakesOperation.swift in Sources */ = {isa = PBXBuildFile; fileRef = 55048D4421038B0700AB24B4 /* DownloadEarthquakesOperation.swift */; };
		55048D4721038C6C00AB24B4 /* NetworkObserver.swift in Sources */ = {isa = PBXBuildFile; fileRef = 55048D4621038C6C00AB24B4 /* NetworkObserver.swift */; };
		55048D4921038FCF00AB24B4 /* BackgroundObserver.swift in Sources */ = {isa = PBXBuildFile; fileRef = 55048D4821038FCF00AB24B4 /* BackgroundObserver.swift */; };
		55062EFF20FE817700853C6D /* SilentCondition.swift in Sources */ = {isa = PBXBuildFile; fileRef = 55062EFE20FE817700853C6D /* SilentCondition.swift */; };
		55062F0120FE826D00853C6D /* NegatedCondition.swift in Sources */ = {isa = PBXBuildFile; fileRef = 55062F0020FE826D00853C6D /* NegatedCondition.swift */; };
		55062F0320FE83BF00853C6D /* NoCancelledDependencies.swift in Sources */ = {isa = PBXBuildFile; fileRef = 55062F0220FE83BF00853C6D /* NoCancelledDependencies.swift */; };
		55062F0520FE84CF00853C6D /* ReachabilityCondition.swift in Sources */ = {isa = PBXBuildFile; fileRef = 55062F0420FE84CF00853C6D /* ReachabilityCondition.swift */; };
		55062F0720FE89B200853C6D /* CloudCondition.swift in Sources */ = {isa = PBXBuildFile; fileRef = 55062F0620FE89B200853C6D /* CloudCondition.swift */; };
		55062F0920FE8E9300853C6D /* PassbookCondition.swift in Sources */ = {isa = PBXBuildFile; fileRef = 55062F0820FE8E9300853C6D /* PassbookCondition.swift */; };
		55062F0B20FE90AB00853C6D /* CalendarCondition.swift in Sources */ = {isa = PBXBuildFile; fileRef = 55062F0A20FE90AB00853C6D /* CalendarCondition.swift */; };
		55062F0D20FE953400853C6D /* PhotosCondition.swift in Sources */ = {isa = PBXBuildFile; fileRef = 55062F0C20FE953400853C6D /* PhotosCondition.swift */; };
		55062F0F20FE964100853C6D /* HealthCondition.swift in Sources */ = {isa = PBXBuildFile; fileRef = 55062F0E20FE964100853C6D /* HealthCondition.swift */; };
		55062F1120FE9B9300853C6D /* UserNotificationCondition.swift in Sources */ = {isa = PBXBuildFile; fileRef = 55062F1020FE9B9300853C6D /* UserNotificationCondition.swift */; };
		55062F1320FF442900853C6D /* UIUserNotifications+Operations.swift in Sources */ = {isa = PBXBuildFile; fileRef = 55062F1220FF442900853C6D /* UIUserNotifications+Operations.swift */; };
		55062F1520FF452000853C6D /* Dictionary+Operations.swift in Sources */ = {isa = PBXBuildFile; fileRef = 55062F1420FF452000853C6D /* Dictionary+Operations.swift */; };
		55131F0A20F00A2100AEE5CC /* OperationObserver.swift in Sources */ = {isa = PBXBuildFile; fileRef = 55131F0920F00A2100AEE5CC /* OperationObserver.swift */; };
		55131F0E20F0122D00AEE5CC /* BaseOperationQueue.swift in Sources */ = {isa = PBXBuildFile; fileRef = 55131F0D20F0122D00AEE5CC /* BaseOperationQueue.swift */; };
		55131F1220F0139E00AEE5CC /* BlockObserver.swift in Sources */ = {isa = PBXBuildFile; fileRef = 55131F1120F0139E00AEE5CC /* BlockObserver.swift */; };
		55131F1420F018A000AEE5CC /* ExclusivityController.swift in Sources */ = {isa = PBXBuildFile; fileRef = 55131F1320F018A000AEE5CC /* ExclusivityController.swift */; };
		55131F1620F01F2600AEE5CC /* TimeoutObserver.swift in Sources */ = {isa = PBXBuildFile; fileRef = 55131F1520F01F2600AEE5CC /* TimeoutObserver.swift */; };
		55131F1E20F0233300AEE5CC /* Earthquakes.xcdatamodeld in Sources */ = {isa = PBXBuildFile; fileRef = 55131F1C20F0233300AEE5CC /* Earthquakes.xcdatamodeld */; };
		55131F2020F0254800AEE5CC /* Earthquake.swift in Sources */ = {isa = PBXBuildFile; fileRef = 55131F1F20F0254800AEE5CC /* Earthquake.swift */; };
		55131F2220F029E100AEE5CC /* RemoteNotificationCondition.swift in Sources */ = {isa = PBXBuildFile; fileRef = 55131F2120F029E100AEE5CC /* RemoteNotificationCondition.swift */; };
		55131F2420F163D100AEE5CC /* Operation+Extensions.swift in Sources */ = {isa = PBXBuildFile; fileRef = 55131F2320F163D100AEE5CC /* Operation+Extensions.swift */; };
		55131F2620F166EF00AEE5CC /* MutuallyExclusive.swift in Sources */ = {isa = PBXBuildFile; fileRef = 55131F2520F166EF00AEE5CC /* MutuallyExclusive.swift */; };
		551A6AC220F6AE8400F43A65 /* APBlockOperation.swift in Sources */ = {isa = PBXBuildFile; fileRef = 551A6AC120F6AE8400F43A65 /* APBlockOperation.swift */; };
		551A6AC420F6B17800F43A65 /* GroupOperation.swift in Sources */ = {isa = PBXBuildFile; fileRef = 551A6AC320F6B17800F43A65 /* GroupOperation.swift */; };
		551A6AC620F6B5A000F43A65 /* URLSessionTaskOperation.swift in Sources */ = {isa = PBXBuildFile; fileRef = 551A6AC520F6B5A000F43A65 /* URLSessionTaskOperation.swift */; };
		551A6AD820F7EF1E00F43A65 /* LocationOperation.swift in Sources */ = {isa = PBXBuildFile; fileRef = 551A6AD720F7EF1E00F43A65 /* LocationOperation.swift */; };
		551A6ADA20F7F01D00F43A65 /* LocationCondition.swift in Sources */ = {isa = PBXBuildFile; fileRef = 551A6AD920F7F01D00F43A65 /* LocationCondition.swift */; };
		551A6ADC20F7F9BF00F43A65 /* DelayOperation.swift in Sources */ = {isa = PBXBuildFile; fileRef = 551A6ADB20F7F9BF00F43A65 /* DelayOperation.swift */; };
		553D1EFB2103626600085B6D /* AlertOperation.swift in Sources */ = {isa = PBXBuildFile; fileRef = 553D1EFA2103626600085B6D /* AlertOperation.swift */; };
		553D1EFD21036F3100085B6D /* LoadModelOperation.swift in Sources */ = {isa = PBXBuildFile; fileRef = 553D1EFC21036F3100085B6D /* LoadModelOperation.swift */; };
		5590BDED20EAC90D0024E183 /* AppDelegate.swift in Sources */ = {isa = PBXBuildFile; fileRef = 5590BDEC20EAC90D0024E183 /* AppDelegate.swift */; };
		5590BDEF20EAC90D0024E183 /* ViewController.swift in Sources */ = {isa = PBXBuildFile; fileRef = 5590BDEE20EAC90D0024E183 /* ViewController.swift */; };
		5590BDF420EAC90E0024E183 /* Assets.xcassets in Resources */ = {isa = PBXBuildFile; fileRef = 5590BDF320EAC90E0024E183 /* Assets.xcassets */; };
		5590BE0020EAC9FA0024E183 /* BaseOperation.swift in Sources */ = {isa = PBXBuildFile; fileRef = 5590BDFF20EAC9FA0024E183 /* BaseOperation.swift */; };
		5590BE0320EACDB80024E183 /* NSLocking+Extensions.swift in Sources */ = {isa = PBXBuildFile; fileRef = 5590BE0220EACDB80024E183 /* NSLocking+Extensions.swift */; };
		5590BE0620EAD06A0024E183 /* OperationCondition.swift in Sources */ = {isa = PBXBuildFile; fileRef = 5590BE0520EAD06A0024E183 /* OperationCondition.swift */; };
		5590BE0820EAD6C90024E183 /* OperationErrors.swift in Sources */ = {isa = PBXBuildFile; fileRef = 5590BE0720EAD6C90024E183 /* OperationErrors.swift */; };
/* End PBXBuildFile section */

/* Begin PBXFileReference section */
		55048D4421038B0700AB24B4 /* DownloadEarthquakesOperation.swift */ = {isa = PBXFileReference; lastKnownFileType = sourcecode.swift; path = DownloadEarthquakesOperation.swift; sourceTree = "<group>"; };
		55048D4621038C6C00AB24B4 /* NetworkObserver.swift */ = {isa = PBXFileReference; lastKnownFileType = sourcecode.swift; path = NetworkObserver.swift; sourceTree = "<group>"; };
		55048D4821038FCF00AB24B4 /* BackgroundObserver.swift */ = {isa = PBXFileReference; lastKnownFileType = sourcecode.swift; path = BackgroundObserver.swift; sourceTree = "<group>"; };
		55062EFE20FE817700853C6D /* SilentCondition.swift */ = {isa = PBXFileReference; lastKnownFileType = sourcecode.swift; path = SilentCondition.swift; sourceTree = "<group>"; };
		55062F0020FE826D00853C6D /* NegatedCondition.swift */ = {isa = PBXFileReference; lastKnownFileType = sourcecode.swift; path = NegatedCondition.swift; sourceTree = "<group>"; };
		55062F0220FE83BF00853C6D /* NoCancelledDependencies.swift */ = {isa = PBXFileReference; lastKnownFileType = sourcecode.swift; path = NoCancelledDependencies.swift; sourceTree = "<group>"; };
		55062F0420FE84CF00853C6D /* ReachabilityCondition.swift */ = {isa = PBXFileReference; lastKnownFileType = sourcecode.swift; path = ReachabilityCondition.swift; sourceTree = "<group>"; };
		55062F0620FE89B200853C6D /* CloudCondition.swift */ = {isa = PBXFileReference; lastKnownFileType = sourcecode.swift; path = CloudCondition.swift; sourceTree = "<group>"; };
		55062F0820FE8E9300853C6D /* PassbookCondition.swift */ = {isa = PBXFileReference; lastKnownFileType = sourcecode.swift; path = PassbookCondition.swift; sourceTree = "<group>"; };
		55062F0A20FE90AB00853C6D /* CalendarCondition.swift */ = {isa = PBXFileReference; lastKnownFileType = sourcecode.swift; path = CalendarCondition.swift; sourceTree = "<group>"; };
		55062F0C20FE953400853C6D /* PhotosCondition.swift */ = {isa = PBXFileReference; lastKnownFileType = sourcecode.swift; path = PhotosCondition.swift; sourceTree = "<group>"; };
		55062F0E20FE964100853C6D /* HealthCondition.swift */ = {isa = PBXFileReference; lastKnownFileType = sourcecode.swift; path = HealthCondition.swift; sourceTree = "<group>"; };
		55062F1020FE9B9300853C6D /* UserNotificationCondition.swift */ = {isa = PBXFileReference; lastKnownFileType = sourcecode.swift; path = UserNotificationCondition.swift; sourceTree = "<group>"; };
		55062F1220FF442900853C6D /* UIUserNotifications+Operations.swift */ = {isa = PBXFileReference; lastKnownFileType = sourcecode.swift; path = "UIUserNotifications+Operations.swift"; sourceTree = "<group>"; };
		55062F1420FF452000853C6D /* Dictionary+Operations.swift */ = {isa = PBXFileReference; lastKnownFileType = sourcecode.swift; path = "Dictionary+Operations.swift"; sourceTree = "<group>"; };
		55131F0920F00A2100AEE5CC /* OperationObserver.swift */ = {isa = PBXFileReference; lastKnownFileType = sourcecode.swift; path = OperationObserver.swift; sourceTree = "<group>"; };
		55131F0D20F0122D00AEE5CC /* BaseOperationQueue.swift */ = {isa = PBXFileReference; lastKnownFileType = sourcecode.swift; path = BaseOperationQueue.swift; sourceTree = "<group>"; };
		55131F1120F0139E00AEE5CC /* BlockObserver.swift */ = {isa = PBXFileReference; lastKnownFileType = sourcecode.swift; path = BlockObserver.swift; sourceTree = "<group>"; };
		55131F1320F018A000AEE5CC /* ExclusivityController.swift */ = {isa = PBXFileReference; lastKnownFileType = sourcecode.swift; path = ExclusivityController.swift; sourceTree = "<group>"; };
		55131F1520F01F2600AEE5CC /* TimeoutObserver.swift */ = {isa = PBXFileReference; lastKnownFileType = sourcecode.swift; path = TimeoutObserver.swift; sourceTree = "<group>"; };
		55131F1920F0228100AEE5CC /* LaunchScreen.xib */ = {isa = PBXFileReference; lastKnownFileType = file.xib; path = LaunchScreen.xib; sourceTree = "<group>"; };
		55131F1A20F0228100AEE5CC /* Main.storyboard */ = {isa = PBXFileReference; lastKnownFileType = file.storyboard; path = Main.storyboard; sourceTree = "<group>"; };
		55131F1D20F0233300AEE5CC /* Earthquakes.xcdatamodel */ = {isa = PBXFileReference; lastKnownFileType = wrapper.xcdatamodel; path = Earthquakes.xcdatamodel; sourceTree = "<group>"; };
		55131F1F20F0254800AEE5CC /* Earthquake.swift */ = {isa = PBXFileReference; lastKnownFileType = sourcecode.swift; path = Earthquake.swift; sourceTree = "<group>"; };
		55131F2120F029E100AEE5CC /* RemoteNotificationCondition.swift */ = {isa = PBXFileReference; lastKnownFileType = sourcecode.swift; path = RemoteNotificationCondition.swift; sourceTree = "<group>"; };
		55131F2320F163D100AEE5CC /* Operation+Extensions.swift */ = {isa = PBXFileReference; lastKnownFileType = sourcecode.swift; path = "Operation+Extensions.swift"; sourceTree = "<group>"; };
		55131F2520F166EF00AEE5CC /* MutuallyExclusive.swift */ = {isa = PBXFileReference; lastKnownFileType = sourcecode.swift; path = MutuallyExclusive.swift; sourceTree = "<group>"; };
		551A6AC120F6AE8400F43A65 /* APBlockOperation.swift */ = {isa = PBXFileReference; lastKnownFileType = sourcecode.swift; path = APBlockOperation.swift; sourceTree = "<group>"; };
		551A6AC320F6B17800F43A65 /* GroupOperation.swift */ = {isa = PBXFileReference; lastKnownFileType = sourcecode.swift; path = GroupOperation.swift; sourceTree = "<group>"; };
		551A6AC520F6B5A000F43A65 /* URLSessionTaskOperation.swift */ = {isa = PBXFileReference; lastKnownFileType = sourcecode.swift; path = URLSessionTaskOperation.swift; sourceTree = "<group>"; };
		551A6AD720F7EF1E00F43A65 /* LocationOperation.swift */ = {isa = PBXFileReference; lastKnownFileType = sourcecode.swift; path = LocationOperation.swift; sourceTree = "<group>"; };
		551A6AD920F7F01D00F43A65 /* LocationCondition.swift */ = {isa = PBXFileReference; lastKnownFileType = sourcecode.swift; path = LocationCondition.swift; sourceTree = "<group>"; };
		551A6ADB20F7F9BF00F43A65 /* DelayOperation.swift */ = {isa = PBXFileReference; lastKnownFileType = sourcecode.swift; path = DelayOperation.swift; sourceTree = "<group>"; };
		553D1EFA2103626600085B6D /* AlertOperation.swift */ = {isa = PBXFileReference; lastKnownFileType = sourcecode.swift; path = AlertOperation.swift; sourceTree = "<group>"; };
		553D1EFC21036F3100085B6D /* LoadModelOperation.swift */ = {isa = PBXFileReference; lastKnownFileType = sourcecode.swift; path = LoadModelOperation.swift; sourceTree = "<group>"; };
		5590BDE920EAC90D0024E183 /* OperationSample.app */ = {isa = PBXFileReference; explicitFileType = wrapper.application; includeInIndex = 0; path = OperationSample.app; sourceTree = BUILT_PRODUCTS_DIR; };
		5590BDEC20EAC90D0024E183 /* AppDelegate.swift */ = {isa = PBXFileReference; lastKnownFileType = sourcecode.swift; path = AppDelegate.swift; sourceTree = "<group>"; };
		5590BDEE20EAC90D0024E183 /* ViewController.swift */ = {isa = PBXFileReference; lastKnownFileType = sourcecode.swift; path = ViewController.swift; sourceTree = "<group>"; };
		5590BDF320EAC90E0024E183 /* Assets.xcassets */ = {isa = PBXFileReference; lastKnownFileType = folder.assetcatalog; path = Assets.xcassets; sourceTree = "<group>"; };
		5590BDF820EAC90E0024E183 /* Info.plist */ = {isa = PBXFileReference; lastKnownFileType = text.plist.xml; path = Info.plist; sourceTree = "<group>"; };
		5590BDFF20EAC9FA0024E183 /* BaseOperation.swift */ = {isa = PBXFileReference; lastKnownFileType = sourcecode.swift; path = BaseOperation.swift; sourceTree = "<group>"; };
		5590BE0220EACDB80024E183 /* NSLocking+Extensions.swift */ = {isa = PBXFileReference; lastKnownFileType = sourcecode.swift; path = "NSLocking+Extensions.swift"; sourceTree = "<group>"; };
		5590BE0520EAD06A0024E183 /* OperationCondition.swift */ = {isa = PBXFileReference; lastKnownFileType = sourcecode.swift; path = OperationCondition.swift; sourceTree = "<group>"; };
		5590BE0720EAD6C90024E183 /* OperationErrors.swift */ = {isa = PBXFileReference; lastKnownFileType = sourcecode.swift; path = OperationErrors.swift; sourceTree = "<group>"; };
/* End PBXFileReference section */

/* Begin PBXFrameworksBuildPhase section */
		5590BDE620EAC90D0024E183 /* Frameworks */ = {
			isa = PBXFrameworksBuildPhase;
			buildActionMask = 2147483647;
			files = (
			);
			runOnlyForDeploymentPostprocessing = 0;
		};
/* End PBXFrameworksBuildPhase section */

/* Begin PBXGroup section */
		55131F0820F009F400AEE5CC /* Observers */ = {
			isa = PBXGroup;
			children = (
				55131F0920F00A2100AEE5CC /* OperationObserver.swift */,
				55131F1120F0139E00AEE5CC /* BlockObserver.swift */,
				55131F1520F01F2600AEE5CC /* TimeoutObserver.swift */,
			);
			path = Observers;
			sourceTree = "<group>";
		};
		55131F0B20F011DD00AEE5CC /* Operations */ = {
			isa = PBXGroup;
			children = (
				5590BDFF20EAC9FA0024E183 /* BaseOperation.swift */,
				551A6AC120F6AE8400F43A65 /* APBlockOperation.swift */,
				551A6AC320F6B17800F43A65 /* GroupOperation.swift */,
				551A6AC520F6B5A000F43A65 /* URLSessionTaskOperation.swift */,
				551A6AD720F7EF1E00F43A65 /* LocationOperation.swift */,
				551A6ADB20F7F9BF00F43A65 /* DelayOperation.swift */,
			);
			path = Operations;
			sourceTree = "<group>";
		};
		55131F0C20F011F200AEE5CC /* OperationQueue */ = {
			isa = PBXGroup;
			children = (
				55131F0D20F0122D00AEE5CC /* BaseOperationQueue.swift */,
				55131F1320F018A000AEE5CC /* ExclusivityController.swift */,
			);
			path = OperationQueue;
			sourceTree = "<group>";
		};
		55131F1820F0224F00AEE5CC /* SupportingFiles */ = {
			isa = PBXGroup;
			children = (
				55131F1920F0228100AEE5CC /* LaunchScreen.xib */,
				55131F1A20F0228100AEE5CC /* Main.storyboard */,
				5590BDF320EAC90E0024E183 /* Assets.xcassets */,
				5590BDF820EAC90E0024E183 /* Info.plist */,
			);
			name = SupportingFiles;
			sourceTree = "<group>";
		};
		55131F1B20F022E300AEE5CC /* Model */ = {
			isa = PBXGroup;
			children = (
				55131F1C20F0233300AEE5CC /* Earthquakes.xcdatamodeld */,
				55131F1F20F0254800AEE5CC /* Earthquake.swift */,
			);
			path = Model;
			sourceTree = "<group>";
		};
		553D1EF92103624C00085B6D /* AppOperations */ = {
			isa = PBXGroup;
			children = (
				553D1EFA2103626600085B6D /* AlertOperation.swift */,
				553D1EFC21036F3100085B6D /* LoadModelOperation.swift */,
				55048D4421038B0700AB24B4 /* DownloadEarthquakesOperation.swift */,
				55048D4621038C6C00AB24B4 /* NetworkObserver.swift */,
				55048D4821038FCF00AB24B4 /* BackgroundObserver.swift */,
			);
			path = AppOperations;
			sourceTree = "<group>";
		};
		5590BDE020EAC90D0024E183 = {
			isa = PBXGroup;
			children = (
				5590BDEB20EAC90D0024E183 /* OperationSample */,
				5590BDEA20EAC90D0024E183 /* Products */,
			);
			sourceTree = "<group>";
		};
		5590BDEA20EAC90D0024E183 /* Products */ = {
			isa = PBXGroup;
			children = (
				5590BDE920EAC90D0024E183 /* OperationSample.app */,
			);
			name = Products;
			sourceTree = "<group>";
		};
		5590BDEB20EAC90D0024E183 /* OperationSample */ = {
			isa = PBXGroup;
			children = (
				55131F1B20F022E300AEE5CC /* Model */,
				5590BE0120EACDA50024E183 /* Extensions */,
				553D1EF92103624C00085B6D /* AppOperations */,
				5590BDFE20EAC9D70024E183 /* Operations */,
				5590BDEC20EAC90D0024E183 /* AppDelegate.swift */,
				5590BDEE20EAC90D0024E183 /* ViewController.swift */,
				55131F1820F0224F00AEE5CC /* SupportingFiles */,
			);
			path = OperationSample;
			sourceTree = "<group>";
		};
		5590BDFE20EAC9D70024E183 /* Operations */ = {
			isa = PBXGroup;
			children = (
				55131F0C20F011F200AEE5CC /* OperationQueue */,
				55131F0B20F011DD00AEE5CC /* Operations */,
				55131F0820F009F400AEE5CC /* Observers */,
				5590BE0420EAD0500024E183 /* Conditions */,
			);
			path = Operations;
			sourceTree = "<group>";
		};
		5590BE0120EACDA50024E183 /* Extensions */ = {
			isa = PBXGroup;
			children = (
				5590BE0220EACDB80024E183 /* NSLocking+Extensions.swift */,
				55131F2320F163D100AEE5CC /* Operation+Extensions.swift */,
				55062F1220FF442900853C6D /* UIUserNotifications+Operations.swift */,
				55062F1420FF452000853C6D /* Dictionary+Operations.swift */,
			);
			path = Extensions;
			sourceTree = "<group>";
		};
		5590BE0420EAD0500024E183 /* Conditions */ = {
			isa = PBXGroup;
			children = (
				5590BE0720EAD6C90024E183 /* OperationErrors.swift */,
				5590BE0520EAD06A0024E183 /* OperationCondition.swift */,
				55062EFE20FE817700853C6D /* SilentCondition.swift */,
				55062F0020FE826D00853C6D /* NegatedCondition.swift */,
				55062F0220FE83BF00853C6D /* NoCancelledDependencies.swift */,
				55131F2520F166EF00AEE5CC /* MutuallyExclusive.swift */,
				55062F0420FE84CF00853C6D /* ReachabilityCondition.swift */,
				55062F0620FE89B200853C6D /* CloudCondition.swift */,
				55062F0820FE8E9300853C6D /* PassbookCondition.swift */,
				55062F0A20FE90AB00853C6D /* CalendarCondition.swift */,
				55062F0C20FE953400853C6D /* PhotosCondition.swift */,
				55062F0E20FE964100853C6D /* HealthCondition.swift */,
				55131F2120F029E100AEE5CC /* RemoteNotificationCondition.swift */,
				55062F1020FE9B9300853C6D /* UserNotificationCondition.swift */,
				551A6AD920F7F01D00F43A65 /* LocationCondition.swift */,
			);
			path = Conditions;
			sourceTree = "<group>";
		};
/* End PBXGroup section */

/* Begin PBXNativeTarget section */
		5590BDE820EAC90D0024E183 /* OperationSample */ = {
			isa = PBXNativeTarget;
			buildConfigurationList = 5590BDFB20EAC90E0024E183 /* Build configuration list for PBXNativeTarget "OperationSample" */;
			buildPhases = (
				5590BDE520EAC90D0024E183 /* Sources */,
				5590BDE620EAC90D0024E183 /* Frameworks */,
				5590BDE720EAC90D0024E183 /* Resources */,
			);
			buildRules = (
			);
			dependencies = (
			);
			name = OperationSample;
			productName = OperationSample;
			productReference = 5590BDE920EAC90D0024E183 /* OperationSample.app */;
			productType = "com.apple.product-type.application";
		};
/* End PBXNativeTarget section */

/* Begin PBXProject section */
		5590BDE120EAC90D0024E183 /* Project object */ = {
			isa = PBXProject;
			attributes = {
				LastSwiftUpdateCheck = 0940;
				LastUpgradeCheck = 0940;
				ORGANIZATIONNAME = "Andrey Bogushev";
				TargetAttributes = {
					5590BDE820EAC90D0024E183 = {
						CreatedOnToolsVersion = 9.4.1;
					};
				};
			};
			buildConfigurationList = 5590BDE420EAC90D0024E183 /* Build configuration list for PBXProject "OperationSample" */;
			compatibilityVersion = "Xcode 9.3";
			developmentRegion = en;
			hasScannedForEncodings = 0;
			knownRegions = (
				en,
				Base,
			);
			mainGroup = 5590BDE020EAC90D0024E183;
			productRefGroup = 5590BDEA20EAC90D0024E183 /* Products */;
			projectDirPath = "";
			projectRoot = "";
			targets = (
				5590BDE820EAC90D0024E183 /* OperationSample */,
			);
		};
/* End PBXProject section */

/* Begin PBXResourcesBuildPhase section */
		5590BDE720EAC90D0024E183 /* Resources */ = {
			isa = PBXResourcesBuildPhase;
			buildActionMask = 2147483647;
			files = (
				5590BDF420EAC90E0024E183 /* Assets.xcassets in Resources */,
			);
			runOnlyForDeploymentPostprocessing = 0;
		};
/* End PBXResourcesBuildPhase section */

/* Begin PBXSourcesBuildPhase section */
		5590BDE520EAC90D0024E183 /* Sources */ = {
			isa = PBXSourcesBuildPhase;
			buildActionMask = 2147483647;
			files = (
				55062F0720FE89B200853C6D /* CloudCondition.swift in Sources */,
				55062F0120FE826D00853C6D /* NegatedCondition.swift in Sources */,
				551A6AD820F7EF1E00F43A65 /* LocationOperation.swift in Sources */,
				5590BE0320EACDB80024E183 /* NSLocking+Extensions.swift in Sources */,
				551A6ADA20F7F01D00F43A65 /* LocationCondition.swift in Sources */,
				55062F0520FE84CF00853C6D /* ReachabilityCondition.swift in Sources */,
				55062F1320FF442900853C6D /* UIUserNotifications+Operations.swift in Sources */,
				5590BE0020EAC9FA0024E183 /* BaseOperation.swift in Sources */,
				55062F1120FE9B9300853C6D /* UserNotificationCondition.swift in Sources */,
				553D1EFD21036F3100085B6D /* LoadModelOperation.swift in Sources */,
				55062F0B20FE90AB00853C6D /* CalendarCondition.swift in Sources */,
				55131F0A20F00A2100AEE5CC /* OperationObserver.swift in Sources */,
				55062F1520FF452000853C6D /* Dictionary+Operations.swift in Sources */,
				55062F0320FE83BF00853C6D /* NoCancelledDependencies.swift in Sources */,
				553D1EFB2103626600085B6D /* AlertOperation.swift in Sources */,
				5590BDEF20EAC90D0024E183 /* ViewController.swift in Sources */,
				55131F0E20F0122D00AEE5CC /* BaseOperationQueue.swift in Sources */,
				55131F1620F01F2600AEE5CC /* TimeoutObserver.swift in Sources */,
				55131F1E20F0233300AEE5CC /* Earthquakes.xcdatamodeld in Sources */,
				55131F2620F166EF00AEE5CC /* MutuallyExclusive.swift in Sources */,
				55131F1220F0139E00AEE5CC /* BlockObserver.swift in Sources */,
				55048D4921038FCF00AB24B4 /* BackgroundObserver.swift in Sources */,
				5590BDED20EAC90D0024E183 /* AppDelegate.swift in Sources */,
				5590BE0820EAD6C90024E183 /* OperationErrors.swift in Sources */,
				55131F2220F029E100AEE5CC /* RemoteNotificationCondition.swift in Sources */,
				55131F2020F0254800AEE5CC /* Earthquake.swift in Sources */,
				551A6AC620F6B5A000F43A65 /* URLSessionTaskOperation.swift in Sources */,
				551A6AC420F6B17800F43A65 /* GroupOperation.swift in Sources */,
				55131F2420F163D100AEE5CC /* Operation+Extensions.swift in Sources */,
				5590BE0620EAD06A0024E183 /* OperationCondition.swift in Sources */,
				55048D4521038B0700AB24B4 /* DownloadEarthquakesOperation.swift in Sources */,
				55062F0D20FE953400853C6D /* PhotosCondition.swift in Sources */,
				55062EFF20FE817700853C6D /* SilentCondition.swift in Sources */,
				551A6ADC20F7F9BF00F43A65 /* DelayOperation.swift in Sources */,
				55062F0F20FE964100853C6D /* HealthCondition.swift in Sources */,
				551A6AC220F6AE8400F43A65 /* APBlockOperation.swift in Sources */,
				55131F1420F018A000AEE5CC /* ExclusivityController.swift in Sources */,
				55048D4721038C6C00AB24B4 /* NetworkObserver.swift in Sources */,
				55062F0920FE8E9300853C6D /* PassbookCondition.swift in Sources */,
			);
			runOnlyForDeploymentPostprocessing = 0;
		};
/* End PBXSourcesBuildPhase section */

/* Begin XCBuildConfiguration section */
		5590BDF920EAC90E0024E183 /* Debug */ = {
			isa = XCBuildConfiguration;
			buildSettings = {
				ALWAYS_SEARCH_USER_PATHS = NO;
				CLANG_ANALYZER_NONNULL = YES;
				CLANG_ANALYZER_NUMBER_OBJECT_CONVERSION = YES_AGGRESSIVE;
				CLANG_CXX_LANGUAGE_STANDARD = "gnu++14";
				CLANG_CXX_LIBRARY = "libc++";
				CLANG_ENABLE_MODULES = YES;
				CLANG_ENABLE_OBJC_ARC = YES;
				CLANG_ENABLE_OBJC_WEAK = YES;
				CLANG_WARN_BLOCK_CAPTURE_AUTORELEASING = YES;
				CLANG_WARN_BOOL_CONVERSION = YES;
				CLANG_WARN_COMMA = YES;
				CLANG_WARN_CONSTANT_CONVERSION = YES;
				CLANG_WARN_DEPRECATED_OBJC_IMPLEMENTATIONS = YES;
				CLANG_WARN_DIRECT_OBJC_ISA_USAGE = YES_ERROR;
				CLANG_WARN_DOCUMENTATION_COMMENTS = YES;
				CLANG_WARN_EMPTY_BODY = YES;
				CLANG_WARN_ENUM_CONVERSION = YES;
				CLANG_WARN_INFINITE_RECURSION = YES;
				CLANG_WARN_INT_CONVERSION = YES;
				CLANG_WARN_NON_LITERAL_NULL_CONVERSION = YES;
				CLANG_WARN_OBJC_IMPLICIT_RETAIN_SELF = YES;
				CLANG_WARN_OBJC_LITERAL_CONVERSION = YES;
				CLANG_WARN_OBJC_ROOT_CLASS = YES_ERROR;
				CLANG_WARN_RANGE_LOOP_ANALYSIS = YES;
				CLANG_WARN_STRICT_PROTOTYPES = YES;
				CLANG_WARN_SUSPICIOUS_MOVE = YES;
				CLANG_WARN_UNGUARDED_AVAILABILITY = YES_AGGRESSIVE;
				CLANG_WARN_UNREACHABLE_CODE = YES;
				CLANG_WARN__DUPLICATE_METHOD_MATCH = YES;
				CODE_SIGN_IDENTITY = "iPhone Developer";
				COPY_PHASE_STRIP = NO;
				DEBUG_INFORMATION_FORMAT = dwarf;
				ENABLE_STRICT_OBJC_MSGSEND = YES;
				ENABLE_TESTABILITY = YES;
				GCC_C_LANGUAGE_STANDARD = gnu11;
				GCC_DYNAMIC_NO_PIC = NO;
				GCC_NO_COMMON_BLOCKS = YES;
				GCC_OPTIMIZATION_LEVEL = 0;
				GCC_PREPROCESSOR_DEFINITIONS = (
					"DEBUG=1",
					"$(inherited)",
				);
				GCC_WARN_64_TO_32_BIT_CONVERSION = YES;
				GCC_WARN_ABOUT_RETURN_TYPE = YES_ERROR;
				GCC_WARN_UNDECLARED_SELECTOR = YES;
				GCC_WARN_UNINITIALIZED_AUTOS = YES_AGGRESSIVE;
				GCC_WARN_UNUSED_FUNCTION = YES;
				GCC_WARN_UNUSED_VARIABLE = YES;
				IPHONEOS_DEPLOYMENT_TARGET = 11.4;
				MTL_ENABLE_DEBUG_INFO = YES;
				ONLY_ACTIVE_ARCH = YES;
				SDKROOT = iphoneos;
				SWIFT_ACTIVE_COMPILATION_CONDITIONS = DEBUG;
				SWIFT_OPTIMIZATION_LEVEL = "-Onone";
			};
			name = Debug;
		};
		5590BDFA20EAC90E0024E183 /* Release */ = {
			isa = XCBuildConfiguration;
			buildSettings = {
				ALWAYS_SEARCH_USER_PATHS = NO;
				CLANG_ANALYZER_NONNULL = YES;
				CLANG_ANALYZER_NUMBER_OBJECT_CONVERSION = YES_AGGRESSIVE;
				CLANG_CXX_LANGUAGE_STANDARD = "gnu++14";
				CLANG_CXX_LIBRARY = "libc++";
				CLANG_ENABLE_MODULES = YES;
				CLANG_ENABLE_OBJC_ARC = YES;
				CLANG_ENABLE_OBJC_WEAK = YES;
				CLANG_WARN_BLOCK_CAPTURE_AUTORELEASING = YES;
				CLANG_WARN_BOOL_CONVERSION = YES;
				CLANG_WARN_COMMA = YES;
				CLANG_WARN_CONSTANT_CONVERSION = YES;
				CLANG_WARN_DEPRECATED_OBJC_IMPLEMENTATIONS = YES;
				CLANG_WARN_DIRECT_OBJC_ISA_USAGE = YES_ERROR;
				CLANG_WARN_DOCUMENTATION_COMMENTS = YES;
				CLANG_WARN_EMPTY_BODY = YES;
				CLANG_WARN_ENUM_CONVERSION = YES;
				CLANG_WARN_INFINITE_RECURSION = YES;
				CLANG_WARN_INT_CONVERSION = YES;
				CLANG_WARN_NON_LITERAL_NULL_CONVERSION = YES;
				CLANG_WARN_OBJC_IMPLICIT_RETAIN_SELF = YES;
				CLANG_WARN_OBJC_LITERAL_CONVERSION = YES;
				CLANG_WARN_OBJC_ROOT_CLASS = YES_ERROR;
				CLANG_WARN_RANGE_LOOP_ANALYSIS = YES;
				CLANG_WARN_STRICT_PROTOTYPES = YES;
				CLANG_WARN_SUSPICIOUS_MOVE = YES;
				CLANG_WARN_UNGUARDED_AVAILABILITY = YES_AGGRESSIVE;
				CLANG_WARN_UNREACHABLE_CODE = YES;
				CLANG_WARN__DUPLICATE_METHOD_MATCH = YES;
				CODE_SIGN_IDENTITY = "iPhone Developer";
				COPY_PHASE_STRIP = NO;
				DEBUG_INFORMATION_FORMAT = "dwarf-with-dsym";
				ENABLE_NS_ASSERTIONS = NO;
				ENABLE_STRICT_OBJC_MSGSEND = YES;
				GCC_C_LANGUAGE_STANDARD = gnu11;
				GCC_NO_COMMON_BLOCKS = YES;
				GCC_WARN_64_TO_32_BIT_CONVERSION = YES;
				GCC_WARN_ABOUT_RETURN_TYPE = YES_ERROR;
				GCC_WARN_UNDECLARED_SELECTOR = YES;
				GCC_WARN_UNINITIALIZED_AUTOS = YES_AGGRESSIVE;
				GCC_WARN_UNUSED_FUNCTION = YES;
				GCC_WARN_UNUSED_VARIABLE = YES;
				IPHONEOS_DEPLOYMENT_TARGET = 11.4;
				MTL_ENABLE_DEBUG_INFO = NO;
				SDKROOT = iphoneos;
				SWIFT_COMPILATION_MODE = wholemodule;
				SWIFT_OPTIMIZATION_LEVEL = "-O";
				VALIDATE_PRODUCT = YES;
			};
			name = Release;
		};
		5590BDFC20EAC90E0024E183 /* Debug */ = {
			isa = XCBuildConfiguration;
			buildSettings = {
				ASSETCATALOG_COMPILER_APPICON_NAME = AppIcon;
				CODE_SIGN_STYLE = Automatic;
				DEVELOPMENT_TEAM = 4KX62R7QJ7;
				INFOPLIST_FILE = OperationSample/Info.plist;
				LD_RUNPATH_SEARCH_PATHS = (
					"$(inherited)",
					"@executable_path/Frameworks",
				);
				PRODUCT_BUNDLE_IDENTIFIER = abdev.OperationSample;
				PRODUCT_NAME = "$(TARGET_NAME)";
				SWIFT_VERSION = 4.0;
				TARGETED_DEVICE_FAMILY = "1,2";
			};
			name = Debug;
		};
		5590BDFD20EAC90E0024E183 /* Release */ = {
			isa = XCBuildConfiguration;
			buildSettings = {
				ASSETCATALOG_COMPILER_APPICON_NAME = AppIcon;
				CODE_SIGN_STYLE = Automatic;
				DEVELOPMENT_TEAM = 4KX62R7QJ7;
				INFOPLIST_FILE = OperationSample/Info.plist;
				LD_RUNPATH_SEARCH_PATHS = (
					"$(inherited)",
					"@executable_path/Frameworks",
				);
				PRODUCT_BUNDLE_IDENTIFIER = abdev.OperationSample;
				PRODUCT_NAME = "$(TARGET_NAME)";
				SWIFT_VERSION = 4.0;
				TARGETED_DEVICE_FAMILY = "1,2";
			};
			name = Release;
		};
/* End XCBuildConfiguration section */

/* Begin XCConfigurationList section */
		5590BDE420EAC90D0024E183 /* Build configuration list for PBXProject "OperationSample" */ = {
			isa = XCConfigurationList;
			buildConfigurations = (
				5590BDF920EAC90E0024E183 /* Debug */,
				5590BDFA20EAC90E0024E183 /* Release */,
			);
			defaultConfigurationIsVisible = 0;
			defaultConfigurationName = Release;
		};
		5590BDFB20EAC90E0024E183 /* Build configuration list for PBXNativeTarget "OperationSample" */ = {
			isa = XCConfigurationList;
			buildConfigurations = (
				5590BDFC20EAC90E0024E183 /* Debug */,
				5590BDFD20EAC90E0024E183 /* Release */,
			);
			defaultConfigurationIsVisible = 0;
			defaultConfigurationName = Release;
		};
/* End XCConfigurationList section */

/* Begin XCVersionGroup section */
		55131F1C20F0233300AEE5CC /* Earthquakes.xcdatamodeld */ = {
			isa = XCVersionGroup;
			children = (
				55131F1D20F0233300AEE5CC /* Earthquakes.xcdatamodel */,
			);
			currentVersion = 55131F1D20F0233300AEE5CC /* Earthquakes.xcdatamodel */;
			path = Earthquakes.xcdatamodeld;
			sourceTree = "<group>";
			versionGroupType = wrapper.xcdatamodel;
		};
/* End XCVersionGroup section */
	};
	rootObject = 5590BDE120EAC90D0024E183 /* Project object */;
}
